
Microsoft Visual Studio Solution File, Format Version 12.00
# Visual Studio Version 17
VisualStudioVersion = 17.14.36327.8 d17.14
MinimumVisualStudioVersion = 10.0.40219.1
Project("{FAE04EC0-301F-11D3-BF4B-00C04F79EFBC}") = "ELECTIVE_H1_BSIT_32E1_Ramos_Anthony", "ELECTIVE_H1_BSIT_32E1_Ramos_Anthony\ELECTIVE_H1_BSIT_32E1_Ramos_Anthony.csproj", "{8C575758-A426-4CDA-ACA0-88199921FC98}"
EndProject
Global
	GlobalSection(SolutionConfigurationPlatforms) = preSolution
		Debug|Any CPU = Debug|Any CPU
		Release|Any CPU = Release|Any CPU
	EndGlobalSection
	GlobalSection(ProjectConfigurationPlatforms) = postSolution
		{8C575758-A426-4CDA-ACA0-88199921FC98}.Debug|Any CPU.ActiveCfg = Debug|Any CPU
		{8C575758-A426-4CDA-ACA0-88199921FC98}.Debug|Any CPU.Build.0 = Debug|Any CPU
		{8C575758-A426-4CDA-ACA0-88199921FC98}.Release|Any CPU.ActiveCfg = Release|Any CPU
		{8C575758-A426-4CDA-ACA0-88199921FC98}.Release|Any CPU.Build.0 = Release|Any CPU
	EndGlobalSection
	GlobalSection(SolutionProperties) = preSolution
		HideSolutionNode = FALSE
	EndGlobalSection
	GlobalSection(ExtensibilityGlobals) = postSolution
		SolutionGuid = {93EE00E4-D1C1-4D0B-B85C-A2FB301FCF24}
	EndGlobalSection
EndGlobal
